// !$*UTF8*$!
{
	archiveVersion = 1;
	classes = {
	};
	objectVersion = 56;
	objects = {

/* Begin PBXBuildFile section */
		C9893D332AE99BB900FDEF63 /* affirmativeApp.swift in Sources */ = {isa = PBXBuildFile; fileRef = C9893D322AE99BB900FDEF63 /* affirmativeApp.swift */; };
		C9893D352AE99BB900FDEF63 /* ContentView.swift in Sources */ = {isa = PBXBuildFile; fileRef = C9893D342AE99BB900FDEF63 /* ContentView.swift */; };
		C9893D372AE99BBA00FDEF63 /* Assets.xcassets in Resources */ = {isa = PBXBuildFile; fileRef = C9893D362AE99BBA00FDEF63 /* Assets.xcassets */; };
		C9893D3A2AE99BBA00FDEF63 /* Preview Assets.xcassets in Resources */ = {isa = PBXBuildFile; fileRef = C9893D392AE99BBA00FDEF63 /* Preview Assets.xcassets */; };
		C9893D442AE99BBA00FDEF63 /* affirmativeTests.swift in Sources */ = {isa = PBXBuildFile; fileRef = C9893D432AE99BBA00FDEF63 /* affirmativeTests.swift */; };
		C9893D4E2AE99BBA00FDEF63 /* affirmativeUITests.swift in Sources */ = {isa = PBXBuildFile; fileRef = C9893D4D2AE99BBA00FDEF63 /* affirmativeUITests.swift */; };
		C9893D502AE99BBA00FDEF63 /* affirmativeUITestsLaunchTests.swift in Sources */ = {isa = PBXBuildFile; fileRef = C9893D4F2AE99BBA00FDEF63 /* affirmativeUITestsLaunchTests.swift */; };
		C9893D5D2AE99CA300FDEF63 /* Networking.swift in Sources */ = {isa = PBXBuildFile; fileRef = C9893D5C2AE99CA300FDEF63 /* Networking.swift */; };
/* End PBXBuildFile section */

/* Begin PBXContainerItemProxy section */
		C9893D402AE99BBA00FDEF63 /* PBXContainerItemProxy */ = {
			isa = PBXContainerItemProxy;
			containerPortal = C9893D272AE99BB900FDEF63 /* Project object */;
			proxyType = 1;
			remoteGlobalIDString = C9893D2E2AE99BB900FDEF63;
			remoteInfo = affirmative;
		};
		C9893D4A2AE99BBA00FDEF63 /* PBXContainerItemProxy */ = {
			isa = PBXContainerItemProxy;
			containerPortal = C9893D272AE99BB900FDEF63 /* Project object */;
			proxyType = 1;
			remoteGlobalIDString = C9893D2E2AE99BB900FDEF63;
			remoteInfo = affirmative;
		};
/* End PBXContainerItemProxy section */

/* Begin PBXFileReference section */
		C9893D2F2AE99BB900FDEF63 /* affirmative.app */ = {isa = PBXFileReference; explicitFileType = wrapper.application; includeInIndex = 0; path = affirmative.app; sourceTree = BUILT_PRODUCTS_DIR; };
		C9893D322AE99BB900FDEF63 /* affirmativeApp.swift */ = {isa = PBXFileReference; lastKnownFileType = sourcecode.swift; path = affirmativeApp.swift; sourceTree = "<group>"; };
		C9893D342AE99BB900FDEF63 /* ContentView.swift */ = {isa = PBXFileReference; lastKnownFileType = sourcecode.swift; path = ContentView.swift; sourceTree = "<group>"; };
		C9893D362AE99BBA00FDEF63 /* Assets.xcassets */ = {isa = PBXFileReference; lastKnownFileType = folder.assetcatalog; path = Assets.xcassets; sourceTree = "<group>"; };
		C9893D392AE99BBA00FDEF63 /* Preview Assets.xcassets */ = {isa = PBXFileReference; lastKnownFileType = folder.assetcatalog; path = "Preview Assets.xcassets"; sourceTree = "<group>"; };
		C9893D3F2AE99BBA00FDEF63 /* affirmativeTests.xctest */ = {isa = PBXFileReference; explicitFileType = wrapper.cfbundle; includeInIndex = 0; path = affirmativeTests.xctest; sourceTree = BUILT_PRODUCTS_DIR; };
		C9893D432AE99BBA00FDEF63 /* affirmativeTests.swift */ = {isa = PBXFileReference; lastKnownFileType = sourcecode.swift; path = affirmativeTests.swift; sourceTree = "<group>"; };
		C9893D492AE99BBA00FDEF63 /* affirmativeUITests.xctest */ = {isa = PBXFileReference; explicitFileType = wrapper.cfbundle; includeInIndex = 0; path = affirmativeUITests.xctest; sourceTree = BUILT_PRODUCTS_DIR; };
		C9893D4D2AE99BBA00FDEF63 /* affirmativeUITests.swift */ = {isa = PBXFileReference; lastKnownFileType = sourcecode.swift; path = affirmativeUITests.swift; sourceTree = "<group>"; };
		C9893D4F2AE99BBA00FDEF63 /* affirmativeUITestsLaunchTests.swift */ = {isa = PBXFileReference; lastKnownFileType = sourcecode.swift; path = affirmativeUITestsLaunchTests.swift; sourceTree = "<group>"; };
		C9893D5C2AE99CA300FDEF63 /* Networking.swift */ = {isa = PBXFileReference; lastKnownFileType = sourcecode.swift; path = Networking.swift; sourceTree = "<group>"; };
/* End PBXFileReference section */

/* Begin PBXFrameworksBuildPhase section */
		C9893D2C2AE99BB900FDEF63 /* Frameworks */ = {
			isa = PBXFrameworksBuildPhase;
			buildActionMask = 2147483647;
			files = (
			);
			runOnlyForDeploymentPostprocessing = 0;
		};
		C9893D3C2AE99BBA00FDEF63 /* Frameworks */ = {
			isa = PBXFrameworksBuildPhase;
			buildActionMask = 2147483647;
			files = (
			);
			runOnlyForDeploymentPostprocessing = 0;
		};
		C9893D462AE99BBA00FDEF63 /* Frameworks */ = {
			isa = PBXFrameworksBuildPhase;
			buildActionMask = 2147483647;
			files = (
			);
			runOnlyForDeploymentPostprocessing = 0;
		};
/* End PBXFrameworksBuildPhase section */

/* Begin PBXGroup section */
		C9893D262AE99BB900FDEF63 = {
			isa = PBXGroup;
			children = (
				C9893D312AE99BB900FDEF63 /* affirmative */,
				C9893D422AE99BBA00FDEF63 /* affirmativeTests */,
				C9893D4C2AE99BBA00FDEF63 /* affirmativeUITests */,
				C9893D302AE99BB900FDEF63 /* Products */,
			);
			sourceTree = "<group>";
		};
		C9893D302AE99BB900FDEF63 /* Products */ = {
			isa = PBXGroup;
			children = (
				C9893D2F2AE99BB900FDEF63 /* affirmative.app */,
				C9893D3F2AE99BBA00FDEF63 /* affirmativeTests.xctest */,
				C9893D492AE99BBA00FDEF63 /* affirmativeUITests.xctest */,
			);
			name = Products;
			sourceTree = "<group>";
		};
		C9893D312AE99BB900FDEF63 /* affirmative */ = {
			isa = PBXGroup;
			children = (
				C9893D322AE99BB900FDEF63 /* affirmativeApp.swift */,
				C9893D342AE99BB900FDEF63 /* ContentView.swift */,
				C9893D362AE99BBA00FDEF63 /* Assets.xcassets */,
				C9893D382AE99BBA00FDEF63 /* Preview Content */,
				C9893D5C2AE99CA300FDEF63 /* Networking.swift */,
			);
			path = affirmative;
			sourceTree = "<group>";
		};
		C9893D382AE99BBA00FDEF63 /* Preview Content */ = {
			isa = PBXGroup;
			children = (
				C9893D392AE99BBA00FDEF63 /* Preview Assets.xcassets */,
			);
			path = "Preview Content";
			sourceTree = "<group>";
		};
		C9893D422AE99BBA00FDEF63 /* affirmativeTests */ = {
			isa = PBXGroup;
			children = (
				C9893D432AE99BBA00FDEF63 /* affirmativeTests.swift */,
			);
			path = affirmativeTests;
			sourceTree = "<group>";
		};
		C9893D4C2AE99BBA00FDEF63 /* affirmativeUITests */ = {
			isa = PBXGroup;
			children = (
				C9893D4D2AE99BBA00FDEF63 /* affirmativeUITests.swift */,
				C9893D4F2AE99BBA00FDEF63 /* affirmativeUITestsLaunchTests.swift */,
			);
			path = affirmativeUITests;
			sourceTree = "<group>";
		};
/* End PBXGroup section */

/* Begin PBXNativeTarget section */
		C9893D2E2AE99BB900FDEF63 /* affirmative */ = {
			isa = PBXNativeTarget;
			buildConfigurationList = C9893D532AE99BBA00FDEF63 /* Build configuration list for PBXNativeTarget "affirmative" */;
			buildPhases = (
				C9893D2B2AE99BB900FDEF63 /* Sources */,
				C9893D2C2AE99BB900FDEF63 /* Frameworks */,
				C9893D2D2AE99BB900FDEF63 /* Resources */,
			);
			buildRules = (
			);
			dependencies = (
			);
			name = affirmative;
			productName = affirmative;
			productReference = C9893D2F2AE99BB900FDEF63 /* affirmative.app */;
			productType = "com.apple.product-type.application";
		};
		C9893D3E2AE99BBA00FDEF63 /* affirmativeTests */ = {
			isa = PBXNativeTarget;
			buildConfigurationList = C9893D562AE99BBA00FDEF63 /* Build configuration list for PBXNativeTarget "affirmativeTests" */;
			buildPhases = (
				C9893D3B2AE99BBA00FDEF63 /* Sources */,
				C9893D3C2AE99BBA00FDEF63 /* Frameworks */,
				C9893D3D2AE99BBA00FDEF63 /* Resources */,
			);
			buildRules = (
			);
			dependencies = (
				C9893D412AE99BBA00FDEF63 /* PBXTargetDependency */,
			);
			name = affirmativeTests;
			productName = affirmativeTests;
			productReference = C9893D3F2AE99BBA00FDEF63 /* affirmativeTests.xctest */;
			productType = "com.apple.product-type.bundle.unit-test";
		};
		C9893D482AE99BBA00FDEF63 /* affirmativeUITests */ = {
			isa = PBXNativeTarget;
			buildConfigurationList = C9893D592AE99BBA00FDEF63 /* Build configuration list for PBXNativeTarget "affirmativeUITests" */;
			buildPhases = (
				C9893D452AE99BBA00FDEF63 /* Sources */,
				C9893D462AE99BBA00FDEF63 /* Frameworks */,
				C9893D472AE99BBA00FDEF63 /* Resources */,
			);
			buildRules = (
			);
			dependencies = (
				C9893D4B2AE99BBA00FDEF63 /* PBXTargetDependency */,
			);
			name = affirmativeUITests;
			productName = affirmativeUITests;
			productReference = C9893D492AE99BBA00FDEF63 /* affirmativeUITests.xctest */;
			productType = "com.apple.product-type.bundle.ui-testing";
		};
/* End PBXNativeTarget section */

/* Begin PBXProject section */
		C9893D272AE99BB900FDEF63 /* Project object */ = {
			isa = PBXProject;
			attributes = {
				BuildIndependentTargetsInParallel = 1;
				LastSwiftUpdateCheck = 1500;
				LastUpgradeCheck = 1500;
				TargetAttributes = {
					C9893D2E2AE99BB900FDEF63 = {
						CreatedOnToolsVersion = 15.0.1;
					};
					C9893D3E2AE99BBA00FDEF63 = {
						CreatedOnToolsVersion = 15.0.1;
						TestTargetID = C9893D2E2AE99BB900FDEF63;
					};
					C9893D482AE99BBA00FDEF63 = {
						CreatedOnToolsVersion = 15.0.1;
						TestTargetID = C9893D2E2AE99BB900FDEF63;
					};
				};
			};
			buildConfigurationList = C9893D2A2AE99BB900FDEF63 /* Build configuration list for PBXProject "affirmative" */;
			compatibilityVersion = "Xcode 14.0";
			developmentRegion = en;
			hasScannedForEncodings = 0;
			knownRegions = (
				en,
				Base,
			);
			mainGroup = C9893D262AE99BB900FDEF63;
			productRefGroup = C9893D302AE99BB900FDEF63 /* Products */;
			projectDirPath = "";
			projectRoot = "";
			targets = (
				C9893D2E2AE99BB900FDEF63 /* affirmative */,
				C9893D3E2AE99BBA00FDEF63 /* affirmativeTests */,
				C9893D482AE99BBA00FDEF63 /* affirmativeUITests */,
			);
		};
/* End PBXProject section */

/* Begin PBXResourcesBuildPhase section */
		C9893D2D2AE99BB900FDEF63 /* Resources */ = {
			isa = PBXResourcesBuildPhase;
			buildActionMask = 2147483647;
			files = (
				C9893D3A2AE99BBA00FDEF63 /* Preview Assets.xcassets in Resources */,
				C9893D372AE99BBA00FDEF63 /* Assets.xcassets in Resources */,
			);
			runOnlyForDeploymentPostprocessing = 0;
		};
		C9893D3D2AE99BBA00FDEF63 /* Resources */ = {
			isa = PBXResourcesBuildPhase;
			buildActionMask = 2147483647;
			files = (
			);
			runOnlyForDeploymentPostprocessing = 0;
		};
		C9893D472AE99BBA00FDEF63 /* Resources */ = {
			isa = PBXResourcesBuildPhase;
			buildActionMask = 2147483647;
			files = (
			);
			runOnlyForDeploymentPostprocessing = 0;
		};
/* End PBXResourcesBuildPhase section */

/* Begin PBXSourcesBuildPhase section */
		C9893D2B2AE99BB900FDEF63 /* Sources */ = {
			isa = PBXSourcesBuildPhase;
			buildActionMask = 2147483647;
			files = (
				C9893D5D2AE99CA300FDEF63 /* Networking.swift in Sources */,
				C9893D352AE99BB900FDEF63 /* ContentView.swift in Sources */,
				C9893D332AE99BB900FDEF63 /* affirmativeApp.swift in Sources */,
			);
			runOnlyForDeploymentPostprocessing = 0;
		};
		C9893D3B2AE99BBA00FDEF63 /* Sources */ = {
			isa = PBXSourcesBuildPhase;
			buildActionMask = 2147483647;
			files = (
				C9893D442AE99BBA00FDEF63 /* affirmativeTests.swift in Sources */,
			);
			runOnlyForDeploymentPostprocessing = 0;
		};
		C9893D452AE99BBA00FDEF63 /* Sources */ = {
			isa = PBXSourcesBuildPhase;
			buildActionMask = 2147483647;
			files = (
				C9893D4E2AE99BBA00FDEF63 /* affirmativeUITests.swift in Sources */,
				C9893D502AE99BBA00FDEF63 /* affirmativeUITestsLaunchTests.swift in Sources */,
			);
			runOnlyForDeploymentPostprocessing = 0;
		};
/* End PBXSourcesBuildPhase section */

/* Begin PBXTargetDependency section */
		C9893D412AE99BBA00FDEF63 /* PBXTargetDependency */ = {
			isa = PBXTargetDependency;
			target = C9893D2E2AE99BB900FDEF63 /* affirmative */;
			targetProxy = C9893D402AE99BBA00FDEF63 /* PBXContainerItemProxy */;
		};
		C9893D4B2AE99BBA00FDEF63 /* PBXTargetDependency */ = {
			isa = PBXTargetDependency;
			target = C9893D2E2AE99BB900FDEF63 /* affirmative */;
			targetProxy = C9893D4A2AE99BBA00FDEF63 /* PBXContainerItemProxy */;
		};
/* End PBXTargetDependency section */

/* Begin XCBuildConfiguration section */
		C9893D512AE99BBA00FDEF63 /* Debug */ = {
			isa = XCBuildConfiguration;
			buildSettings = {
				ALWAYS_SEARCH_USER_PATHS = NO;
				ASSETCATALOG_COMPILER_GENERATE_SWIFT_ASSET_SYMBOL_EXTENSIONS = YES;
				CLANG_ANALYZER_NONNULL = YES;
				CLANG_ANALYZER_NUMBER_OBJECT_CONVERSION = YES_AGGRESSIVE;
				CLANG_CXX_LANGUAGE_STANDARD = "gnu++20";
				CLANG_ENABLE_MODULES = YES;
				CLANG_ENABLE_OBJC_ARC = YES;
				CLANG_ENABLE_OBJC_WEAK = YES;
				CLANG_WARN_BLOCK_CAPTURE_AUTORELEASING = YES;
				CLANG_WARN_BOOL_CONVERSION = YES;
				CLANG_WARN_COMMA = YES;
				CLANG_WARN_CONSTANT_CONVERSION = YES;
				CLANG_WARN_DEPRECATED_OBJC_IMPLEMENTATIONS = YES;
				CLANG_WARN_DIRECT_OBJC_ISA_USAGE = YES_ERROR;
				CLANG_WARN_DOCUMENTATION_COMMENTS = YES;
				CLANG_WARN_EMPTY_BODY = YES;
				CLANG_WARN_ENUM_CONVERSION = YES;
				CLANG_WARN_INFINITE_RECURSION = YES;
				CLANG_WARN_INT_CONVERSION = YES;
				CLANG_WARN_NON_LITERAL_NULL_CONVERSION = YES;
				CLANG_WARN_OBJC_IMPLICIT_RETAIN_SELF = YES;
				CLANG_WARN_OBJC_LITERAL_CONVERSION = YES;
				CLANG_WARN_OBJC_ROOT_CLASS = YES_ERROR;
				CLANG_WARN_QUOTED_INCLUDE_IN_FRAMEWORK_HEADER = YES;
				CLANG_WARN_RANGE_LOOP_ANALYSIS = YES;
				CLANG_WARN_STRICT_PROTOTYPES = YES;
				CLANG_WARN_SUSPICIOUS_MOVE = YES;
				CLANG_WARN_UNGUARDED_AVAILABILITY = YES_AGGRESSIVE;
				CLANG_WARN_UNREACHABLE_CODE = YES;
				CLANG_WARN__DUPLICATE_METHOD_MATCH = YES;
				COPY_PHASE_STRIP = NO;
				DEBUG_INFORMATION_FORMAT = dwarf;
				ENABLE_STRICT_OBJC_MSGSEND = YES;
				ENABLE_TESTABILITY = YES;
				ENABLE_USER_SCRIPT_SANDBOXING = YES;
				GCC_C_LANGUAGE_STANDARD = gnu17;
				GCC_DYNAMIC_NO_PIC = NO;
				GCC_NO_COMMON_BLOCKS = YES;
				GCC_OPTIMIZATION_LEVEL = 0;
				GCC_PREPROCESSOR_DEFINITIONS = (
					"DEBUG=1",
					"$(inherited)",
				);
				GCC_WARN_64_TO_32_BIT_CONVERSION = YES;
				GCC_WARN_ABOUT_RETURN_TYPE = YES_ERROR;
				GCC_WARN_UNDECLARED_SELECTOR = YES;
				GCC_WARN_UNINITIALIZED_AUTOS = YES_AGGRESSIVE;
				GCC_WARN_UNUSED_FUNCTION = YES;
				GCC_WARN_UNUSED_VARIABLE = YES;
				IPHONEOS_DEPLOYMENT_TARGET = 17.0;
				LOCALIZATION_PREFERS_STRING_CATALOGS = YES;
				MTL_ENABLE_DEBUG_INFO = INCLUDE_SOURCE;
				MTL_FAST_MATH = YES;
				ONLY_ACTIVE_ARCH = YES;
				SDKROOT = iphoneos;
				SWIFT_ACTIVE_COMPILATION_CONDITIONS = "DEBUG $(inherited)";
				SWIFT_OPTIMIZATION_LEVEL = "-Onone";
			};
			name = Debug;
		};
		C9893D522AE99BBA00FDEF63 /* Release */ = {
			isa = XCBuildConfiguration;
			buildSettings = {
				ALWAYS_SEARCH_USER_PATHS = NO;
				ASSETCATALOG_COMPILER_GENERATE_SWIFT_ASSET_SYMBOL_EXTENSIONS = YES;
				CLANG_ANALYZER_NONNULL = YES;
				CLANG_ANALYZER_NUMBER_OBJECT_CONVERSION = YES_AGGRESSIVE;
				CLANG_CXX_LANGUAGE_STANDARD = "gnu++20";
				CLANG_ENABLE_MODULES = YES;
				CLANG_ENABLE_OBJC_ARC = YES;
				CLANG_ENABLE_OBJC_WEAK = YES;
				CLANG_WARN_BLOCK_CAPTURE_AUTORELEASING = YES;
				CLANG_WARN_BOOL_CONVERSION = YES;
				CLANG_WARN_COMMA = YES;
				CLANG_WARN_CONSTANT_CONVERSION = YES;
				CLANG_WARN_DEPRECATED_OBJC_IMPLEMENTATIONS = YES;
				CLANG_WARN_DIRECT_OBJC_ISA_USAGE = YES_ERROR;
				CLANG_WARN_DOCUMENTATION_COMMENTS = YES;
				CLANG_WARN_EMPTY_BODY = YES;
				CLANG_WARN_ENUM_CONVERSION = YES;
				CLANG_WARN_INFINITE_RECURSION = YES;
				CLANG_WARN_INT_CONVERSION = YES;
				CLANG_WARN_NON_LITERAL_NULL_CONVERSION = YES;
				CLANG_WARN_OBJC_IMPLICIT_RETAIN_SELF = YES;
				CLANG_WARN_OBJC_LITERAL_CONVERSION = YES;
				CLANG_WARN_OBJC_ROOT_CLASS = YES_ERROR;
				CLANG_WARN_QUOTED_INCLUDE_IN_FRAMEWORK_HEADER = YES;
				CLANG_WARN_RANGE_LOOP_ANALYSIS = YES;
				CLANG_WARN_STRICT_PROTOTYPES = YES;
				CLANG_WARN_SUSPICIOUS_MOVE = YES;
				CLANG_WARN_UNGUARDED_AVAILABILITY = YES_AGGRESSIVE;
				CLANG_WARN_UNREACHABLE_CODE = YES;
				CLANG_WARN__DUPLICATE_METHOD_MATCH = YES;
				COPY_PHASE_STRIP = NO;
				DEBUG_INFORMATION_FORMAT = "dwarf-with-dsym";
				ENABLE_NS_ASSERTIONS = NO;
				ENABLE_STRICT_OBJC_MSGSEND = YES;
				ENABLE_USER_SCRIPT_SANDBOXING = YES;
				GCC_C_LANGUAGE_STANDARD = gnu17;
				GCC_NO_COMMON_BLOCKS = YES;
				GCC_WARN_64_TO_32_BIT_CONVERSION = YES;
				GCC_WARN_ABOUT_RETURN_TYPE = YES_ERROR;
				GCC_WARN_UNDECLARED_SELECTOR = YES;
				GCC_WARN_UNINITIALIZED_AUTOS = YES_AGGRESSIVE;
				GCC_WARN_UNUSED_FUNCTION = YES;
				GCC_WARN_UNUSED_VARIABLE = YES;
				IPHONEOS_DEPLOYMENT_TARGET = 17.0;
				LOCALIZATION_PREFERS_STRING_CATALOGS = YES;
				MTL_ENABLE_DEBUG_INFO = NO;
				MTL_FAST_MATH = YES;
				SDKROOT = iphoneos;
				SWIFT_COMPILATION_MODE = wholemodule;
				VALIDATE_PRODUCT = YES;
			};
			name = Release;
		};
		C9893D542AE99BBA00FDEF63 /* Debug */ = {
			isa = XCBuildConfiguration;
			buildSettings = {
				ASSETCATALOG_COMPILER_APPICON_NAME = AppIcon;
				ASSETCATALOG_COMPILER_GLOBAL_ACCENT_COLOR_NAME = AccentColor;
				CODE_SIGN_STYLE = Automatic;
				CURRENT_PROJECT_VERSION = 1;
				DEVELOPMENT_ASSET_PATHS = "\"affirmative/Preview Content\"";
				DEVELOPMENT_TEAM = MAATSGZ98R;
				ENABLE_PREVIEWS = YES;
				GENERATE_INFOPLIST_FILE = YES;
				INFOPLIST_KEY_UIApplicationSceneManifest_Generation = YES;
				INFOPLIST_KEY_UIApplicationSupportsIndirectInputEvents = YES;
				INFOPLIST_KEY_UILaunchScreen_Generation = YES;
				INFOPLIST_KEY_UISupportedInterfaceOrientations_iPad = "UIInterfaceOrientationPortrait UIInterfaceOrientationPortraitUpsideDown UIInterfaceOrientationLandscapeLeft UIInterfaceOrientationLandscapeRight";
				INFOPLIST_KEY_UISupportedInterfaceOrientations_iPhone = "UIInterfaceOrientationPortrait UIInterfaceOrientationLandscapeLeft UIInterfaceOrientationLandscapeRight";
				LD_RUNPATH_SEARCH_PATHS = (
					"$(inherited)",
					"@executable_path/Frameworks",
				);
				MARKETING_VERSION = 1.0;
				PRODUCT_BUNDLE_IDENTIFIER = com.rcom.affirmative;
				PRODUCT_NAME = "$(TARGET_NAME)";
				SWIFT_EMIT_LOC_STRINGS = YES;
				SWIFT_VERSION = 5.0;
				TARGETED_DEVICE_FAMILY = "1,2";
			};
			name = Debug;
		};
		C9893D552AE99BBA00FDEF63 /* Release */ = {
			isa = XCBuildConfiguration;
			buildSettings = {
				ASSETCATALOG_COMPILER_APPICON_NAME = AppIcon;
				ASSETCATALOG_COMPILER_GLOBAL_ACCENT_COLOR_NAME = AccentColor;
				CODE_SIGN_STYLE = Automatic;
				CURRENT_PROJECT_VERSION = 1;
				DEVELOPMENT_ASSET_PATHS = "\"affirmative/Preview Content\"";
				DEVELOPMENT_TEAM = MAATSGZ98R;
				ENABLE_PREVIEWS = YES;
				GENERATE_INFOPLIST_FILE = YES;
				INFOPLIST_KEY_UIApplicationSceneManifest_Generation = YES;
				INFOPLIST_KEY_UIApplicationSupportsIndirectInputEvents = YES;
				INFOPLIST_KEY_UILaunchScreen_Generation = YES;
				INFOPLIST_KEY_UISupportedInterfaceOrientations_iPad = "UIInterfaceOrientationPortrait UIInterfaceOrientationPortraitUpsideDown UIInterfaceOrientationLandscapeLeft UIInterfaceOrientationLandscapeRight";
				INFOPLIST_KEY_UISupportedInterfaceOrientations_iPhone = "UIInterfaceOrientationPortrait UIInterfaceOrientationLandscapeLeft UIInterfaceOrientationLandscapeRight";
				LD_RUNPATH_SEARCH_PATHS = (
					"$(inherited)",
					"@executable_path/Frameworks",
				);
				MARKETING_VERSION = 1.0;
				PRODUCT_BUNDLE_IDENTIFIER = com.rcom.affirmative;
				PRODUCT_NAME = "$(TARGET_NAME)";
				SWIFT_EMIT_LOC_STRINGS = YES;
				SWIFT_VERSION = 5.0;
				TARGETED_DEVICE_FAMILY = "1,2";
			};
			name = Release;
		};
		C9893D572AE99BBA00FDEF63 /* Debug */ = {
			isa = XCBuildConfiguration;
			buildSettings = {
				ALWAYS_EMBED_SWIFT_STANDARD_LIBRARIES = YES;
				BUNDLE_LOADER = "$(TEST_HOST)";
				CODE_SIGN_STYLE = Automatic;
				CURRENT_PROJECT_VERSION = 1;
				DEVELOPMENT_TEAM = MAATSGZ98R;
				GENERATE_INFOPLIST_FILE = YES;
				IPHONEOS_DEPLOYMENT_TARGET = 17.0;
				MARKETING_VERSION = 1.0;
				PRODUCT_BUNDLE_IDENTIFIER = com.rcom.affirmativeTests;
				PRODUCT_NAME = "$(TARGET_NAME)";
				SWIFT_EMIT_LOC_STRINGS = NO;
				SWIFT_VERSION = 5.0;
				TARGETED_DEVICE_FAMILY = "1,2";
				TEST_HOST = "$(BUILT_PRODUCTS_DIR)/affirmative.app/$(BUNDLE_EXECUTABLE_FOLDER_PATH)/affirmative";
			};
			name = Debug;
		};
		C9893D582AE99BBA00FDEF63 /* Release */ = {
			isa = XCBuildConfiguration;
			buildSettings = {
				ALWAYS_EMBED_SWIFT_STANDARD_LIBRARIES = YES;
				BUNDLE_LOADER = "$(TEST_HOST)";
				CODE_SIGN_STYLE = Automatic;
				CURRENT_PROJECT_VERSION = 1;
				DEVELOPMENT_TEAM = MAATSGZ98R;
				GENERATE_INFOPLIST_FILE = YES;
				IPHONEOS_DEPLOYMENT_TARGET = 17.0;
				MARKETING_VERSION = 1.0;
				PRODUCT_BUNDLE_IDENTIFIER = com.rcom.affirmativeTests;
				PRODUCT_NAME = "$(TARGET_NAME)";
				SWIFT_EMIT_LOC_STRINGS = NO;
				SWIFT_VERSION = 5.0;
				TARGETED_DEVICE_FAMILY = "1,2";
				TEST_HOST = "$(BUILT_PRODUCTS_DIR)/affirmative.app/$(BUNDLE_EXECUTABLE_FOLDER_PATH)/affirmative";
			};
			name = Release;
		};
		C9893D5A2AE99BBA00FDEF63 /* Debug */ = {
			isa = XCBuildConfiguration;
			buildSettings = {
				ALWAYS_EMBED_SWIFT_STANDARD_LIBRARIES = YES;
				CODE_SIGN_STYLE = Automatic;
				CURRENT_PROJECT_VERSION = 1;
				DEVELOPMENT_TEAM = MAATSGZ98R;
				GENERATE_INFOPLIST_FILE = YES;
				MARKETING_VERSION = 1.0;
				PRODUCT_BUNDLE_IDENTIFIER = com.rcom.affirmativeUITests;
				PRODUCT_NAME = "$(TARGET_NAME)";
				SWIFT_EMIT_LOC_STRINGS = NO;
				SWIFT_VERSION = 5.0;
				TARGETED_DEVICE_FAMILY = "1,2";
				TEST_TARGET_NAME = affirmative;
			};
			name = Debug;
		};
		C9893D5B2AE99BBA00FDEF63 /* Release */ = {
			isa = XCBuildConfiguration;
			buildSettings = {
				ALWAYS_EMBED_SWIFT_STANDARD_LIBRARIES = YES;
				CODE_SIGN_STYLE = Automatic;
				CURRENT_PROJECT_VERSION = 1;
				DEVELOPMENT_TEAM = MAATSGZ98R;
				GENERATE_INFOPLIST_FILE = YES;
				MARKETING_VERSION = 1.0;
				PRODUCT_BUNDLE_IDENTIFIER = com.rcom.affirmativeUITests;
				PRODUCT_NAME = "$(TARGET_NAME)";
				SWIFT_EMIT_LOC_STRINGS = NO;
				SWIFT_VERSION = 5.0;
				TARGETED_DEVICE_FAMILY = "1,2";
				TEST_TARGET_NAME = affirmative;
			};
			name = Release;
		};
/* End XCBuildConfiguration section */

/* Begin XCConfigurationList section */
		C9893D2A2AE99BB900FDEF63 /* Build configuration list for PBXProject "affirmative" */ = {
			isa = XCConfigurationList;
			buildConfigurations = (
				C9893D512AE99BBA00FDEF63 /* Debug */,
				C9893D522AE99BBA00FDEF63 /* Release */,
			);
			defaultConfigurationIsVisible = 0;
			defaultConfigurationName = Release;
		};
		C9893D532AE99BBA00FDEF63 /* Build configuration list for PBXNativeTarget "affirmative" */ = {
			isa = XCConfigurationList;
			buildConfigurations = (
				C9893D542AE99BBA00FDEF63 /* Debug */,
				C9893D552AE99BBA00FDEF63 /* Release */,
			);
			defaultConfigurationIsVisible = 0;
			defaultConfigurationName = Release;
		};
		C9893D562AE99BBA00FDEF63 /* Build configuration list for PBXNativeTarget "affirmativeTests" */ = {
			isa = XCConfigurationList;
			buildConfigurations = (
				C9893D572AE99BBA00FDEF63 /* Debug */,
				C9893D582AE99BBA00FDEF63 /* Release */,
			);
			defaultConfigurationIsVisible = 0;
			defaultConfigurationName = Release;
		};
		C9893D592AE99BBA00FDEF63 /* Build configuration list for PBXNativeTarget "affirmativeUITests" */ = {
			isa = XCConfigurationList;
			buildConfigurations = (
				C9893D5A2AE99BBA00FDEF63 /* Debug */,
				C9893D5B2AE99BBA00FDEF63 /* Release */,
			);
			defaultConfigurationIsVisible = 0;
			defaultConfigurationName = Release;
		};
/* End XCConfigurationList section */
	};
	rootObject = C9893D272AE99BB900FDEF63 /* Project object */;
}
